<?xml version="1.0" encoding="utf-8"?>
<Project ToolsVersion="4.0" xmlns="http://schemas.microsoft.com/developer/msbuild/2003">
  <ItemGroup>
    <Filter Include="Source Files">
      <UniqueIdentifier>{4FC737F1-C7A5-4376-A066-2A32D752A2FF}</UniqueIdentifier>
      <Extensions>cpp;c;cc;cxx;def;odl;idl;hpj;bat;asm;asmx</Extensions>
    </Filter>
    <Filter Include="Header Files">
      <UniqueIdentifier>{93995380-89BD-4b04-88EB-625FBE52EBFB}</UniqueIdentifier>
      <Extensions>h;hpp;hxx;hm;inl;inc;xsd</Extensions>
    </Filter>
    <Filter Include="Resource Files">
      <UniqueIdentifier>{67DA6AB6-F800-4c08-8B7A-83BB121AAD01}</UniqueIdentifier>
      <Extensions>rc;ico;cur;bmp;dlg;rc2;rct;bin;rgs;gif;jpg;jpeg;jpe;resx;tiff;tif;png;wav;mfcribbon-ms</Extensions>
    </Filter>
  </ItemGroup>
  <ItemGroup>
    <ClCompile Include="Main.cpp">
      <Filter>Source Files</Filter>
    </ClCompile>
    <ClCompile Include="stdafx.cpp">
      <Filter>Source Files</Filter>
    </ClCompile>
    <ClCompile Include="MainFrame.cpp">
      <Filter>Source Files</Filter>
    </ClCompile>
    <ClCompile Include="FileHandler.cpp">
      <Filter>Source Files</Filter>
    </ClCompile>
    <ClCompile Include="SpeechListener.cpp">
      <Filter>Source Files</Filter>
    </ClCompile>
    <ClCompile Include="MainFrameImp.cpp">
      <Filter>Source Files</Filter>
    </ClCompile>
    <ClCompile Include="ShelfDialog.cpp">
      <Filter>Source Files</Filter>
    </ClCompile>
    <ClCompile Include="PublicationPanelImp.cpp">
      <Filter>Source Files</Filter>
    </ClCompile>
    <ClCompile Include="Shelf.cpp">
      <Filter>Source Files</Filter>
    </ClCompile>
    <ClCompile Include="MainFrameViewModel.cpp">
      <Filter>Source Files</Filter>
    </ClCompile>
    <ClCompile Include="Publication.cpp">
      <Filter>Source Files</Filter>
    </ClCompile>
    <ClCompile Include="Subject.cpp">
      <Filter>Source Files</Filter>
    </ClCompile>
    <ClCompile Include="Note.cpp">
      <Filter>Source Files</Filter>
    </ClCompile>
    <ClCompile Include="Quiz.cpp">
      <Filter>Source Files</Filter>
    </ClCompile>
    <ClCompile Include="Question.cpp">
      <Filter>Source Files</Filter>
    </ClCompile>
    <ClCompile Include="Topic.cpp">
      <Filter>Source Files</Filter>
    </ClCompile>
    <ClCompile Include="SqliteProvider.cpp">
      <Filter>Source Files</Filter>
    </ClCompile>
    <ClCompile Include="ShelfDialogImp.cpp">
      <Filter>Source Files</Filter>
    </ClCompile>
    <ClCompile Include="SubjectDialog.cpp">
      <Filter>Source Files</Filter>
    </ClCompile>
    <ClCompile Include="SubjectDialogImp.cpp">
      <Filter>Source Files</Filter>
    </ClCompile>
    <ClCompile Include="PublicationDialog.cpp">
      <Filter>Source Files</Filter>
    </ClCompile>
    <ClCompile Include="PublicationDialogImp.cpp">
      <Filter>Source Files</Filter>
    </ClCompile>
    <ClCompile Include="PublicationType.cpp">
      <Filter>Source Files</Filter>
    </ClCompile>
    <ClCompile Include="PublicationPanel.cpp">
      <Filter>Source Files</Filter>
    </ClCompile>
    <ClCompile Include="PublicationViewModel.cpp">
      <Filter>Source Files</Filter>
    </ClCompile>
    <ClCompile Include="TopicDialog.cpp">
      <Filter>Source Files</Filter>
    </ClCompile>
    <ClCompile Include="TopicDialogImp.cpp">
      <Filter>Source Files</Filter>
    </ClCompile>
    <ClCompile Include="NoteDialog.cpp">
      <Filter>Source Files</Filter>
    </ClCompile>
    <ClCompile Include="NoteDialogImp.cpp">
      <Filter>Source Files</Filter>
    </ClCompile>
    <ClCompile Include="NoteSegment.cpp">
      <Filter>Source Files</Filter>
    </ClCompile>
    <ClCompile Include="NoteViewModel.cpp">
      <Filter>Source Files</Filter>
    </ClCompile>
    <ClCompile Include="NoteSegmentPanel.cpp">
      <Filter>Source Files</Filter>
    </ClCompile>
    <ClCompile Include="NoteSegmentPanelImp.cpp">
      <Filter>Source Files</Filter>
    </ClCompile>
    <ClCompile Include="SpeechRecognitionCallback.cpp">
      <Filter>Source Files</Filter>
    </ClCompile>
    <ClCompile Include="SpeechRecognitionContext.cpp">
      <Filter>Source Files</Filter>
    </ClCompile>
    <ClCompile Include="SpeechRecognitionEngine.cpp">
      <Filter>Source Files</Filter>
    </ClCompile>
    <ClCompile Include="CommandRecognitionResult.cpp">
      <Filter>Source Files</Filter>
    </ClCompile>
    <ClCompile Include="CommandProperty.cpp">
      <Filter>Source Files</Filter>
    </ClCompile>
    <ClCompile Include="ActionCommandParser.cpp">
      <Filter>Source Files</Filter>
    </ClCompile>
    <ClCompile Include="SoundRecorder.cpp">
      <Filter>Source Files</Filter>
    </ClCompile>
    <ClCompile Include="NoteSegmentTypeHeader.cpp">
      <Filter>Source Files</Filter>
    </ClCompile>
    <ClCompile Include="NoteSegmentType.cpp">
      <Filter>Source Files</Filter>
    </ClCompile>
    <ClCompile Include="HelpConstants.cpp">
      <Filter>Source Files</Filter>
    </ClCompile>
    <ClCompile Include="SqlIteQuizProvider.cpp">
      <Filter>Source Files</Filter>
    </ClCompile>
    <ClCompile Include="SqliteDDLProvider.cpp">
      <Filter>Source Files</Filter>
    </ClCompile>
    <ClCompile Include="DictationCallback.cpp">
      <Filter>Source Files</Filter>
    </ClCompile>
    <ClCompile Include="DictationContext.cpp">
      <Filter>Source Files</Filter>
    </ClCompile>
    <ClCompile Include="DictationRecognitionResult.cpp">
      <Filter>Source Files</Filter>
    </ClCompile>
    <ClCompile Include="DictationOverlayDialog.cpp">
      <Filter>Source Files</Filter>
    </ClCompile>
    <ClCompile Include="DictationOverlayDialogImp.cpp">
      <Filter>Source Files</Filter>
    </ClCompile>
    <ClCompile Include="DictationOverlayUpdateTimer.cpp">
      <Filter>Source Files</Filter>
    </ClCompile>
    <ClCompile Include="DictationOverlayDialogHypothesisTimer.cpp">
      <Filter>Source Files</Filter>
    </ClCompile>
    <ClCompile Include="AudioPlayer.cpp">
      <Filter>Source Files</Filter>
    </ClCompile>
    <ClCompile Include="AudioPlayerPanelImp.cpp">
      <Filter>Source Files</Filter>
    </ClCompile>
    <ClCompile Include="AudioPlayerPanel.cpp">
      <Filter>Source Files</Filter>
    </ClCompile>
    <ClCompile Include="AudioPlayerPanelTimer.cpp">
      <Filter>Source Files</Filter>
    </ClCompile>
    <ClCompile Include="ApplicationImages.cpp">
      <Filter>Source Files</Filter>
    </ClCompile>
    <ClCompile Include="SpeechMessageDialog.cpp">
      <Filter>Source Files</Filter>
    </ClCompile>
    <ClCompile Include="DictationOverlayClientHelper.cpp">
      <Filter>Source Files</Filter>
    </ClCompile>
    <ClCompile Include="SegmentTemplateDialog.cpp">
      <Filter>Source Files</Filter>
    </ClCompile>
    <ClCompile Include="SegmentTemplateDialogImp.cpp">
      <Filter>Source Files</Filter>
    </ClCompile>
    <ClCompile Include="SegmentTypeViewModel.cpp">
      <Filter>Source Files</Filter>
    </ClCompile>
    <ClCompile Include="SqliteNoteSegmentTypeProvider.cpp">
      <Filter>Source Files</Filter>
    </ClCompile>
    <ClCompile Include="FontBuilder.cpp">
      <Filter>Source Files</Filter>
    </ClCompile>
    <ClCompile Include="BaseEntity.cpp">
      <Filter>Source Files</Filter>
    </ClCompile>
    <ClCompile Include="NoteAudioPlayer.cpp">
      <Filter>Source Files</Filter>
    </ClCompile>
    <ClCompile Include="AudioPlayerWrapper.cpp">
      <Filter>Source Files</Filter>
    </ClCompile>
    <ClCompile Include="NoteListAudioPlayer.cpp">
      <Filter>Source Files</Filter>
    </ClCompile>
    <ClCompile Include="AudioPlayerWrapperClient.cpp">
      <Filter>Source Files</Filter>
    </ClCompile>
    <ClCompile Include="SAConfirmDialog.cpp">
      <Filter>Source Files</Filter>
    </ClCompile>
    <ClCompile Include="SAConfirmDialogImp.cpp">
      <Filter>Source Files</Filter>
    </ClCompile>
    <ClCompile Include="ExercisePanelImp.cpp">
      <Filter>Source Files</Filter>
    </ClCompile>
    <ClCompile Include="ExercisePanel.cpp">
      <Filter>Source Files</Filter>
    </ClCompile>
    <ClCompile Include="Answer.cpp">
      <Filter>Source Files</Filter>
    </ClCompile>
    <ClCompile Include="ExerciseViewModel.cpp">
      <Filter>Source Files</Filter>
    </ClCompile>
    <ClCompile Include="ExerciseRunDialog.cpp">
      <Filter>Source Files</Filter>
    </ClCompile>
    <ClCompile Include="ExerciseRunDialogImp.cpp">
      <Filter>Source Files</Filter>
    </ClCompile>
    <ClCompile Include="ExerciseRunViewModel.cpp">
      <Filter>Source Files</Filter>
    </ClCompile>
    <ClCompile Include="QuizRunHeader.cpp">
      <Filter>Source Files</Filter>
    </ClCompile>
    <ClCompile Include="QuizRunQuestion.cpp">
      <Filter>Source Files</Filter>
    </ClCompile>
    <ClCompile Include="QuizScore.cpp">
      <Filter>Source Files</Filter>
    </ClCompile>
    <ClCompile Include="AudioPlayerPanelHelper.cpp">
      <Filter>Source Files</Filter>
    </ClCompile>
    <ClCompile Include="ShelfDataViewListStore.cpp">
      <Filter>Source Files</Filter>
    </ClCompile>
    <ClCompile Include="DataViewListStoreHelper.cpp">
      <Filter>Source Files</Filter>
    </ClCompile>
    <ClCompile Include="SpeechConstants.cpp">
      <Filter>Source Files</Filter>
    </ClCompile>
    <ClCompile Include="GlobalConstants.cpp">
      <Filter>Source Files</Filter>
    </ClCompile>
  </ItemGroup>
  <ItemGroup>
    <ClInclude Include="stdafx.h">
      <Filter>Header Files</Filter>
    </ClInclude>
    <ClInclude Include="MainFrame.h">
      <Filter>Header Files</Filter>
    </ClInclude>
    <ClInclude Include="FileHandler.h">
      <Filter>Header Files</Filter>
    </ClInclude>
    <ClInclude Include="SpeechListener.h">
      <Filter>Header Files</Filter>
    </ClInclude>
    <ClInclude Include="EntityItem.h">
      <Filter>Header Files</Filter>
    </ClInclude>
    <ClInclude Include="MainFrameImp.h">
      <Filter>Header Files</Filter>
    </ClInclude>
    <ClInclude Include="ShelfDialog.h">
      <Filter>Header Files</Filter>
    </ClInclude>
    <ClInclude Include="PublicationPanelImp.h">
      <Filter>Header Files</Filter>
    </ClInclude>
    <ClInclude Include="Shelf.h">
      <Filter>Header Files</Filter>
    </ClInclude>
    <ClInclude Include="MainFrameViewModel.h">
      <Filter>Header Files</Filter>
    </ClInclude>
    <ClInclude Include="Publication.h">
      <Filter>Header Files</Filter>
    </ClInclude>
    <ClInclude Include="Subject.h">
      <Filter>Header Files</Filter>
    </ClInclude>
    <ClInclude Include="MyApp.h">
      <Filter>Header Files</Filter>
    </ClInclude>
    <ClInclude Include="Note.h">
      <Filter>Header Files</Filter>
    </ClInclude>
    <ClInclude Include="Quiz.h">
      <Filter>Header Files</Filter>
    </ClInclude>
    <ClInclude Include="Question.h">
      <Filter>Header Files</Filter>
    </ClInclude>
    <ClInclude Include="Topic.h">
      <Filter>Header Files</Filter>
    </ClInclude>
    <ClInclude Include="SqliteProvider.h">
      <Filter>Header Files</Filter>
    </ClInclude>
    <ClInclude Include="ShelfDialogImp.h">
      <Filter>Header Files</Filter>
    </ClInclude>
    <ClInclude Include="SubjectDialog.h">
      <Filter>Header Files</Filter>
    </ClInclude>
    <ClInclude Include="SubjectDialogImp.h">
      <Filter>Header Files</Filter>
    </ClInclude>
    <ClInclude Include="PublicationDialog.h">
      <Filter>Header Files</Filter>
    </ClInclude>
    <ClInclude Include="PublicationDialogImp.h">
      <Filter>Header Files</Filter>
    </ClInclude>
    <ClInclude Include="PublicationType.h">
      <Filter>Header Files</Filter>
    </ClInclude>
    <ClInclude Include="PublicationPanel.h">
      <Filter>Header Files</Filter>
    </ClInclude>
    <ClInclude Include="PublicationViewModel.h">
      <Filter>Header Files</Filter>
    </ClInclude>
    <ClInclude Include="TopicDialog.h">
      <Filter>Header Files</Filter>
    </ClInclude>
    <ClInclude Include="TopicDialogImp.h">
      <Filter>Header Files</Filter>
    </ClInclude>
    <ClInclude Include="NoteDialog.h">
      <Filter>Header Files</Filter>
    </ClInclude>
    <ClInclude Include="NoteDialogImp.h">
      <Filter>Header Files</Filter>
    </ClInclude>
    <ClInclude Include="NoteSegment.h">
      <Filter>Header Files</Filter>
    </ClInclude>
    <ClInclude Include="NoteViewModel.h">
      <Filter>Header Files</Filter>
    </ClInclude>
    <ClInclude Include="NoteSegmentPanelImp.h">
      <Filter>Header Files</Filter>
    </ClInclude>
    <ClInclude Include="NoteSegmentPanel.h">
      <Filter>Header Files</Filter>
    </ClInclude>
    <ClInclude Include="SpeechRecognitionCallback.h">
      <Filter>Header Files</Filter>
    </ClInclude>
    <ClInclude Include="GlobalConstants.h">
      <Filter>Header Files</Filter>
    </ClInclude>
    <ClInclude Include="SpeechRecognitionContext.h">
      <Filter>Header Files</Filter>
    </ClInclude>
    <ClInclude Include="SpeechRecognitionEngine.h">
      <Filter>Header Files</Filter>
    </ClInclude>
    <ClInclude Include="CommandRecognitionResult.h">
      <Filter>Header Files</Filter>
    </ClInclude>
    <ClInclude Include="CommandProperty.h">
      <Filter>Header Files</Filter>
    </ClInclude>
    <ClInclude Include="ActionCommandParser.h">
      <Filter>Header Files</Filter>
    </ClInclude>
    <ClInclude Include="SoundRecorder.h">
      <Filter>Header Files</Filter>
    </ClInclude>
    <ClInclude Include="NoteSegmentTypeHeader.h">
      <Filter>Header Files</Filter>
    </ClInclude>
    <ClInclude Include="NoteSegmentType.h">
      <Filter>Header Files</Filter>
    </ClInclude>
    <ClInclude Include="HelpConstants.h">
      <Filter>Header Files</Filter>
    </ClInclude>
    <ClInclude Include="SqlIteQuizProvider.h">
      <Filter>Header Files</Filter>
    </ClInclude>
    <ClInclude Include="SqliteDDLProvider.h">
      <Filter>Header Files</Filter>
    </ClInclude>
    <ClInclude Include="DictationCallback.h">
      <Filter>Header Files</Filter>
    </ClInclude>
    <ClInclude Include="DictationContext.h">
      <Filter>Header Files</Filter>
    </ClInclude>
    <ClInclude Include="DictationRecognitionResult.h">
      <Filter>Header Files</Filter>
    </ClInclude>
    <ClInclude Include="resource.h">
      <Filter>Header Files</Filter>
    </ClInclude>
    <ClInclude Include="DictationOverlayDialog.h">
      <Filter>Header Files</Filter>
    </ClInclude>
    <ClInclude Include="DictationOverlayDialogImp.h">
      <Filter>Header Files</Filter>
    </ClInclude>
    <ClInclude Include="DictationOverlayUpdateTimer.h">
      <Filter>Header Files</Filter>
    </ClInclude>
    <ClInclude Include="DictationOverlayDialogHypothesisTimer.h">
      <Filter>Header Files</Filter>
    </ClInclude>
    <ClInclude Include="AudioPlayer.h">
      <Filter>Header Files</Filter>
    </ClInclude>
    <ClInclude Include="AudioPlayerPanelImp.h">
      <Filter>Header Files</Filter>
    </ClInclude>
    <ClInclude Include="AudioPlayerPanel.h">
      <Filter>Header Files</Filter>
    </ClInclude>
    <ClInclude Include="AudioPlayerPanelTimer.h">
      <Filter>Header Files</Filter>
    </ClInclude>
    <ClInclude Include="ApplicationImages.h">
      <Filter>Header Files</Filter>
    </ClInclude>
    <ClInclude Include="SpeechMessageDialog.h">
      <Filter>Header Files</Filter>
    </ClInclude>
    <ClInclude Include="DictationOverlayClientHelper.h">
      <Filter>Header Files</Filter>
    </ClInclude>
    <ClInclude Include="SegmentTemplateDialog.h">
      <Filter>Header Files</Filter>
    </ClInclude>
    <ClInclude Include="SegmentTemplateDialogImp.h">
      <Filter>Header Files</Filter>
    </ClInclude>
    <ClInclude Include="SegmentTypeViewModel.h">
      <Filter>Header Files</Filter>
    </ClInclude>
    <ClInclude Include="SqliteNoteSegmentTypeProvider.h">
      <Filter>Header Files</Filter>
    </ClInclude>
    <ClInclude Include="FontBuilder.h">
      <Filter>Header Files</Filter>
    </ClInclude>
    <ClInclude Include="BaseEntity.h">
      <Filter>Header Files</Filter>
    </ClInclude>
    <ClInclude Include="NoteAudioPlayer.h">
      <Filter>Header Files</Filter>
    </ClInclude>
    <ClInclude Include="AudioPlayerWrapper.h">
      <Filter>Header Files</Filter>
    </ClInclude>
    <ClInclude Include="NoteListAudioPlayer.h">
      <Filter>Header Files</Filter>
    </ClInclude>
    <ClInclude Include="AudioPlayerWrapperClient.h">
      <Filter>Header Files</Filter>
    </ClInclude>
    <ClInclude Include="SAConfirmDialog.h">
      <Filter>Header Files</Filter>
    </ClInclude>
    <ClInclude Include="SAConfirmDialogImp.h">
      <Filter>Header Files</Filter>
    </ClInclude>
    <ClInclude Include="ExercisePanelImp.h">
      <Filter>Header Files</Filter>
    </ClInclude>
    <ClInclude Include="ExercisePanel.h">
      <Filter>Header Files</Filter>
    </ClInclude>
    <ClInclude Include="Answer.h">
      <Filter>Header Files</Filter>
    </ClInclude>
    <ClInclude Include="ExerciseViewModel.h">
      <Filter>Header Files</Filter>
    </ClInclude>
    <ClInclude Include="ExerciseRunDialog.h">
      <Filter>Header Files</Filter>
    </ClInclude>
    <ClInclude Include="ExerciseRunDialogImp.h">
      <Filter>Header Files</Filter>
    </ClInclude>
    <ClInclude Include="ExerciseRunViewModel.h">
      <Filter>Header Files</Filter>
    </ClInclude>
    <ClInclude Include="QuizRunHeader.h">
      <Filter>Header Files</Filter>
    </ClInclude>
    <ClInclude Include="QuizRunQuestion.h">
      <Filter>Header Files</Filter>
    </ClInclude>
    <ClInclude Include="QuizScore.h">
      <Filter>Header Files</Filter>
    </ClInclude>
    <ClInclude Include="AudioPlayerPanelHelper.h">
      <Filter>Header Files</Filter>
    </ClInclude>
    <ClInclude Include="ShelfDataViewListStore.h">
      <Filter>Header Files</Filter>
    </ClInclude>
    <ClInclude Include="DataViewListStoreHelper.h">
      <Filter>Header Files</Filter>
    </ClInclude>
    <ClInclude Include="SpeechConstants.h">
      <Filter>Header Files</Filter>
    </ClInclude>
  </ItemGroup>
  <ItemGroup>
    <Xml Include="rules.xml" />
    <Xml Include="rulescc.xml" />
  </ItemGroup>
  <ItemGroup>
    <ResourceCompile Include="Resource.rc">
      <Filter>Resource Files</Filter>
    </ResourceCompile>
  </ItemGroup>
  <ItemGroup>
    <Image Include="a.png">
      <Filter>Resource Files</Filter>
    </Image>
    <Image Include="..\..\..\icons\tango-icon-theme-0.8.90\tango-icon-theme-0.8.90\16x16\actions\icon1.ico">
      <Filter>Resource Files</Filter>
    </Image>
    <Image Include="a.bmp">
      <Filter>Resource Files</Filter>
    </Image>
    <Image Include="icons\disconnect2.ico">
      <Filter>Resource Files</Filter>
    </Image>
    <Image Include="media-record.bmp">
      <Filter>Resource Files</Filter>
    </Image>
    <Image Include="icons\RecordHS.png">
      <Filter>Resource Files</Filter>
    </Image>
    <Image Include="icons\Play.png">
      <Filter>Resource Files</Filter>
    </Image>
    <Image Include="icons\Stop.png">
      <Filter>Resource Files</Filter>
    </Image>
    <Image Include="icons\Cancel.png">
      <Filter>Resource Files</Filter>
    </Image>
    <Image Include="icons\Pause.png">
      <Filter>Resource Files</Filter>
    </Image>
    <Image Include="icons\EditLabel.png">
      <Filter>Resource Files</Filter>
    </Image>
    <Image Include="icons\Edit.png">
      <Filter>Resource Files</Filter>
    </Image>
    <Image Include="icons\Add.png">
      <Filter>Resource Files</Filter>
    </Image>
    <Image Include="icons\Assign.png">
      <Filter>Resource Files</Filter>
    </Image>
    <Image Include="icons\AddNewItem.png">
      <Filter>Resource Files</Filter>
    </Image>
    <Image Include="icons\PlayStep.png">
      <Filter>Resource Files</Filter>
    </Image>
    <Image Include="icons\Lock.png">
      <Filter>Resource Files</Filter>
    </Image>
    <Image Include="icons\Unlock.png">
      <Filter>Resource Files</Filter>
    </Image>
  </ItemGroup>
  <ItemGroup>
    <None Include="icons\rcdata1.bin">
      <Filter>Resource Files</Filter>
    </None>
  </ItemGroup>
</Project>